
Microsoft Visual Studio Solution File, Format Version 12.00
# Visual Studio Version 17
VisualStudioVersion = 17.2.32519.379
MinimumVisualStudioVersion = 10.0.40219.1
Project("{2150E333-8FDC-42A3-9474-1A3956D46DE8}") = "src", "src", "{F87D1AF5-FB47-4B87-9B6E-85CF1FE3B794}"
EndProject
Project("{2150E333-8FDC-42A3-9474-1A3956D46DE8}") = "Core", "Core", "{D04AF1AA-81B5-4776-90F1-D7D11E7AB5F6}"
EndProject
Project("{2150E333-8FDC-42A3-9474-1A3956D46DE8}") = "Infrastructure", "Infrastructure", "{14DEC31B-1244-411E-851B-6E9FD9C631BD}"
EndProject
Project("{2150E333-8FDC-42A3-9474-1A3956D46DE8}") = "Presentation", "Presentation", "{A37C76D2-8780-4B36-9419-A9DC5034385E}"
EndProject
Project("{FAE04EC0-301F-11D3-BF4B-00C04F79EFBC}") = "FinalProject.Application", "src\Core\FinalProject.Application\FinalProject.Application.csproj", "{A8349907-0B20-4881-AA4F-97F750EC20ED}"
EndProject
Project("{FAE04EC0-301F-11D3-BF4B-00C04F79EFBC}") = "FinalProject.Domain", "src\Core\FinalProject.Domain\FinalProject.Domain.csproj", "{B771777A-2704-43C8-BDE1-BA0BA0E5FE5C}"
EndProject
Project("{FAE04EC0-301F-11D3-BF4B-00C04F79EFBC}") = "FinalProject.Infrastructure", "src\Infrastructure\FinalProject.Infrastructure\FinalProject.Infrastructure.csproj", "{BFB16758-CD54-4624-91BE-5044DF99E10E}"
EndProject
Project("{FAE04EC0-301F-11D3-BF4B-00C04F79EFBC}") = "FinalProject.Persistance", "src\Infrastructure\FinalProject.Persistance\FinalProject.Persistance.csproj", "{E8BAC63F-F202-4653-A6D7-F1D2F53BAD7F}"
EndProject
Project("{FAE04EC0-301F-11D3-BF4B-00C04F79EFBC}") = "FinalProject.API", "src\Presentation\FinalProject.API\FinalProject.API.csproj", "{A5026235-AC92-4459-ADE3-CF8D7397E7E9}"
EndProject
Global
	GlobalSection(SolutionConfigurationPlatforms) = preSolution
		Debug|Any CPU = Debug|Any CPU
		Release|Any CPU = Release|Any CPU
	EndGlobalSection
	GlobalSection(ProjectConfigurationPlatforms) = postSolution
		{A8349907-0B20-4881-AA4F-97F750EC20ED}.Debug|Any CPU.ActiveCfg = Debug|Any CPU
		{A8349907-0B20-4881-AA4F-97F750EC20ED}.Debug|Any CPU.Build.0 = Debug|Any CPU
		{A8349907-0B20-4881-AA4F-97F750EC20ED}.Release|Any CPU.ActiveCfg = Release|Any CPU
		{A8349907-0B20-4881-AA4F-97F750EC20ED}.Release|Any CPU.Build.0 = Release|Any CPU
		{B771777A-2704-43C8-BDE1-BA0BA0E5FE5C}.Debug|Any CPU.ActiveCfg = Debug|Any CPU
		{B771777A-2704-43C8-BDE1-BA0BA0E5FE5C}.Debug|Any CPU.Build.0 = Debug|Any CPU
		{B771777A-2704-43C8-BDE1-BA0BA0E5FE5C}.Release|Any CPU.ActiveCfg = Release|Any CPU
		{B771777A-2704-43C8-BDE1-BA0BA0E5FE5C}.Release|Any CPU.Build.0 = Release|Any CPU
		{BFB16758-CD54-4624-91BE-5044DF99E10E}.Debug|Any CPU.ActiveCfg = Debug|Any CPU
		{BFB16758-CD54-4624-91BE-5044DF99E10E}.Debug|Any CPU.Build.0 = Debug|Any CPU
		{BFB16758-CD54-4624-91BE-5044DF99E10E}.Release|Any CPU.ActiveCfg = Release|Any CPU
		{BFB16758-CD54-4624-91BE-5044DF99E10E}.Release|Any CPU.Build.0 = Release|Any CPU
		{E8BAC63F-F202-4653-A6D7-F1D2F53BAD7F}.Debug|Any CPU.ActiveCfg = Debug|Any CPU
		{E8BAC63F-F202-4653-A6D7-F1D2F53BAD7F}.Debug|Any CPU.Build.0 = Debug|Any CPU
		{E8BAC63F-F202-4653-A6D7-F1D2F53BAD7F}.Release|Any CPU.ActiveCfg = Release|Any CPU
		{E8BAC63F-F202-4653-A6D7-F1D2F53BAD7F}.Release|Any CPU.Build.0 = Release|Any CPU
		{A5026235-AC92-4459-ADE3-CF8D7397E7E9}.Debug|Any CPU.ActiveCfg = Debug|Any CPU
		{A5026235-AC92-4459-ADE3-CF8D7397E7E9}.Debug|Any CPU.Build.0 = Debug|Any CPU
		{A5026235-AC92-4459-ADE3-CF8D7397E7E9}.Release|Any CPU.ActiveCfg = Release|Any CPU
		{A5026235-AC92-4459-ADE3-CF8D7397E7E9}.Release|Any CPU.Build.0 = Release|Any CPU
	EndGlobalSection
	GlobalSection(SolutionProperties) = preSolution
		HideSolutionNode = FALSE
	EndGlobalSection
	GlobalSection(NestedProjects) = preSolution
		{D04AF1AA-81B5-4776-90F1-D7D11E7AB5F6} = {F87D1AF5-FB47-4B87-9B6E-85CF1FE3B794}
		{14DEC31B-1244-411E-851B-6E9FD9C631BD} = {F87D1AF5-FB47-4B87-9B6E-85CF1FE3B794}
		{A37C76D2-8780-4B36-9419-A9DC5034385E} = {F87D1AF5-FB47-4B87-9B6E-85CF1FE3B794}
		{A8349907-0B20-4881-AA4F-97F750EC20ED} = {D04AF1AA-81B5-4776-90F1-D7D11E7AB5F6}
		{B771777A-2704-43C8-BDE1-BA0BA0E5FE5C} = {D04AF1AA-81B5-4776-90F1-D7D11E7AB5F6}
		{BFB16758-CD54-4624-91BE-5044DF99E10E} = {14DEC31B-1244-411E-851B-6E9FD9C631BD}
		{E8BAC63F-F202-4653-A6D7-F1D2F53BAD7F} = {14DEC31B-1244-411E-851B-6E9FD9C631BD}
		{A5026235-AC92-4459-ADE3-CF8D7397E7E9} = {A37C76D2-8780-4B36-9419-A9DC5034385E}
	EndGlobalSection
	GlobalSection(ExtensibilityGlobals) = postSolution
		SolutionGuid = {138518F8-E620-44B0-9ED3-4EEEE7BB29D3}
	EndGlobalSection
EndGlobal
